
Microsoft Visual Studio Solution File, Format Version 12.00
# Visual Studio 15
VisualStudioVersion = 15.0.26403.0
MinimumVisualStudioVersion = 10.0.40219.1
Project("{FAE04EC0-301F-11D3-BF4B-00C04F79EFBC}") = "JavaDownloader", "JavaDownloader\JavaDownloader.csproj", "{FCE90269-9333-4F4B-B266-D6EEC59E7C60}"
EndProject
Project("{FAE04EC0-301F-11D3-BF4B-00C04F79EFBC}") = "TestApplication", "TestApplication\TestApplication.csproj", "{CBE0BFCC-329A-4DA8-8BAE-7BD5E77190A6}"
EndProject
Global
	GlobalSection(SolutionConfigurationPlatforms) = preSolution
		Debug|Any CPU = Debug|Any CPU
		Release|Any CPU = Release|Any CPU
	EndGlobalSection
	GlobalSection(ProjectConfigurationPlatforms) = postSolution
		{FCE90269-9333-4F4B-B266-D6EEC59E7C60}.Debug|Any CPU.ActiveCfg = Debug|Any CPU
		{FCE90269-9333-4F4B-B266-D6EEC59E7C60}.Debug|Any CPU.Build.0 = Debug|Any CPU
		{FCE90269-9333-4F4B-B266-D6EEC59E7C60}.Release|Any CPU.ActiveCfg = Release|Any CPU
		{FCE90269-9333-4F4B-B266-D6EEC59E7C60}.Release|Any CPU.Build.0 = Release|Any CPU
		{CBE0BFCC-329A-4DA8-8BAE-7BD5E77190A6}.Debug|Any CPU.ActiveCfg = Debug|Any CPU
		{CBE0BFCC-329A-4DA8-8BAE-7BD5E77190A6}.Debug|Any CPU.Build.0 = Debug|Any CPU
		{CBE0BFCC-329A-4DA8-8BAE-7BD5E77190A6}.Release|Any CPU.ActiveCfg = Release|Any CPU
		{CBE0BFCC-329A-4DA8-8BAE-7BD5E77190A6}.Release|Any CPU.Build.0 = Release|Any CPU
	EndGlobalSection
	GlobalSection(SolutionProperties) = preSolution
		HideSolutionNode = FALSE
	EndGlobalSection
EndGlobal
